{
    "_readme": [
        "This file locks the dependencies of your project to a known state",
        "Read more about it at https://getcomposer.org/doc/01-basic-usage.md#composer-lock-the-lock-file",
        "This file is @generated automatically"
    ],
    "hash": "966742abd7c650cfc213857d0f7838d8",
    "content-hash": "d07beff6f79fb7eededfe459f34a3da8",
    "packages": [
        {
            "name": "shandian818/liketools",
            "version": "0.1",
            "source": {
                "type": "git",
                "url": "https://github.com/shandian818/liketools.git",
                "reference": "1bb1c71744896181ccbccf305eff15ba4e961dd8"
            },
            "dist": {
                "type": "zip",
                "url": "https://api.github.com/repos/shandian818/liketools/zipball/1bb1c71744896181ccbccf305eff15ba4e961dd8",
                "reference": "1bb1c71744896181ccbccf305eff15ba4e961dd8",
                "shasum": ""
            },
            "require": {
                "php": ">=7.0.0"
            },
            "type": "library",
            "autoload": {
                "psr-4": {
                    "LikeTools\\": "src"
                }
            },
            "notification-url": "https://packagist.org/downloads/",
            "authors": [
                {
                    "name": "jiangxijun",
                    "email": "jiang818@qq.com"
                }
            ],
            "time": "2018-02-06 10:00:28"
        }
    ],
    "packages-dev": [],
    "aliases": [],
    "minimum-stability": "stable",
    "stability-flags": [],
    "prefer-stable": false,
    "prefer-lowest": false,
    "platform": [],
    "platform-dev": []
}
